
Microsoft Visual Studio Solution File, Format Version 12.00
# Visual Studio Version 17
VisualStudioVersion = 17.3.32819.101
MinimumVisualStudioVersion = 10.0.40219.1
Project("{FAE04EC0-301F-11D3-BF4B-00C04F79EFBC}") = "Ejercicio", "Ejercicio\Ejercicio.csproj", "{2B384582-6EEF-412A-9717-EC32F5003233}"
EndProject
Project("{FAE04EC0-301F-11D3-BF4B-00C04F79EFBC}") = "ejer2", "ejer2\ejer2.csproj", "{E5F12DB1-BF88-40E3-970D-A294F18DE834}"
EndProject
Project("{FAE04EC0-301F-11D3-BF4B-00C04F79EFBC}") = "ejer3", "ejer3\ejer3.csproj", "{8AE5ECFB-1CCD-4B86-8FF0-686D04D142A6}"
EndProject
Project("{FAE04EC0-301F-11D3-BF4B-00C04F79EFBC}") = "ejer4", "ejer4\ejer4.csproj", "{322E3524-49FC-440D-871D-1CA8791BBA5A}"
EndProject
Project("{FAE04EC0-301F-11D3-BF4B-00C04F79EFBC}") = "EJER5", "EJER5\EJER5.csproj", "{0B9AD984-C4E1-4DD4-B975-C107FCE9EEA0}"
EndProject
Global
	GlobalSection(SolutionConfigurationPlatforms) = preSolution
		Debug|Any CPU = Debug|Any CPU
		Release|Any CPU = Release|Any CPU
	EndGlobalSection
	GlobalSection(ProjectConfigurationPlatforms) = postSolution
		{2B384582-6EEF-412A-9717-EC32F5003233}.Debug|Any CPU.ActiveCfg = Debug|Any CPU
		{2B384582-6EEF-412A-9717-EC32F5003233}.Debug|Any CPU.Build.0 = Debug|Any CPU
		{2B384582-6EEF-412A-9717-EC32F5003233}.Release|Any CPU.ActiveCfg = Release|Any CPU
		{2B384582-6EEF-412A-9717-EC32F5003233}.Release|Any CPU.Build.0 = Release|Any CPU
		{E5F12DB1-BF88-40E3-970D-A294F18DE834}.Debug|Any CPU.ActiveCfg = Debug|Any CPU
		{E5F12DB1-BF88-40E3-970D-A294F18DE834}.Debug|Any CPU.Build.0 = Debug|Any CPU
		{E5F12DB1-BF88-40E3-970D-A294F18DE834}.Release|Any CPU.ActiveCfg = Release|Any CPU
		{E5F12DB1-BF88-40E3-970D-A294F18DE834}.Release|Any CPU.Build.0 = Release|Any CPU
		{8AE5ECFB-1CCD-4B86-8FF0-686D04D142A6}.Debug|Any CPU.ActiveCfg = Debug|Any CPU
		{8AE5ECFB-1CCD-4B86-8FF0-686D04D142A6}.Debug|Any CPU.Build.0 = Debug|Any CPU
		{8AE5ECFB-1CCD-4B86-8FF0-686D04D142A6}.Release|Any CPU.ActiveCfg = Release|Any CPU
		{8AE5ECFB-1CCD-4B86-8FF0-686D04D142A6}.Release|Any CPU.Build.0 = Release|Any CPU
		{322E3524-49FC-440D-871D-1CA8791BBA5A}.Debug|Any CPU.ActiveCfg = Debug|Any CPU
		{322E3524-49FC-440D-871D-1CA8791BBA5A}.Debug|Any CPU.Build.0 = Debug|Any CPU
		{322E3524-49FC-440D-871D-1CA8791BBA5A}.Release|Any CPU.ActiveCfg = Release|Any CPU
		{322E3524-49FC-440D-871D-1CA8791BBA5A}.Release|Any CPU.Build.0 = Release|Any CPU
		{0B9AD984-C4E1-4DD4-B975-C107FCE9EEA0}.Debug|Any CPU.ActiveCfg = Debug|Any CPU
		{0B9AD984-C4E1-4DD4-B975-C107FCE9EEA0}.Debug|Any CPU.Build.0 = Debug|Any CPU
		{0B9AD984-C4E1-4DD4-B975-C107FCE9EEA0}.Release|Any CPU.ActiveCfg = Release|Any CPU
		{0B9AD984-C4E1-4DD4-B975-C107FCE9EEA0}.Release|Any CPU.Build.0 = Release|Any CPU
	EndGlobalSection
	GlobalSection(SolutionProperties) = preSolution
		HideSolutionNode = FALSE
	EndGlobalSection
	GlobalSection(ExtensibilityGlobals) = postSolution
		SolutionGuid = {9E2DA03A-2D72-439D-8DF4-73460A9926FD}
	EndGlobalSection
EndGlobal
